
Microsoft Visual Studio Solution File, Format Version 12.00
# Visual Studio Version 17
VisualStudioVersion = 17.4.33213.308
MinimumVisualStudioVersion = 10.0.40219.1
Project("{FAE04EC0-301F-11D3-BF4B-00C04F79EFBC}") = "SecureWebApi", "SecureWebApi\SecureWebApi.csproj", "{8F768065-8AF1-4A26-A6E8-10DD7B038301}"
EndProject
Project("{FAE04EC0-301F-11D3-BF4B-00C04F79EFBC}") = "MsalAuthInMaui", "MsalAuthInMaui\MsalAuthInMaui.csproj", "{37E46C48-A12A-4E32-9E1C-22070FDC044A}"
EndProject
Global
	GlobalSection(SolutionConfigurationPlatforms) = preSolution
		Debug|Any CPU = Debug|Any CPU
		Release|Any CPU = Release|Any CPU
	EndGlobalSection
	GlobalSection(ProjectConfigurationPlatforms) = postSolution
		{8F768065-8AF1-4A26-A6E8-10DD7B038301}.Debug|Any CPU.ActiveCfg = Debug|Any CPU
		{8F768065-8AF1-4A26-A6E8-10DD7B038301}.Debug|Any CPU.Build.0 = Debug|Any CPU
		{8F768065-8AF1-4A26-A6E8-10DD7B038301}.Release|Any CPU.ActiveCfg = Release|Any CPU
		{8F768065-8AF1-4A26-A6E8-10DD7B038301}.Release|Any CPU.Build.0 = Release|Any CPU
		{37E46C48-A12A-4E32-9E1C-22070FDC044A}.Debug|Any CPU.ActiveCfg = Debug|Any CPU
		{37E46C48-A12A-4E32-9E1C-22070FDC044A}.Debug|Any CPU.Build.0 = Debug|Any CPU
		{37E46C48-A12A-4E32-9E1C-22070FDC044A}.Debug|Any CPU.Deploy.0 = Debug|Any CPU
		{37E46C48-A12A-4E32-9E1C-22070FDC044A}.Release|Any CPU.ActiveCfg = Release|Any CPU
		{37E46C48-A12A-4E32-9E1C-22070FDC044A}.Release|Any CPU.Build.0 = Release|Any CPU
		{37E46C48-A12A-4E32-9E1C-22070FDC044A}.Release|Any CPU.Deploy.0 = Release|Any CPU
	EndGlobalSection
	GlobalSection(SolutionProperties) = preSolution
		HideSolutionNode = FALSE
	EndGlobalSection
	GlobalSection(ExtensibilityGlobals) = postSolution
		SolutionGuid = {A0A77634-4AC7-4B55-A18D-33EF4AB788E3}
	EndGlobalSection
EndGlobal
